{
  "comment": "Generated by `pub build`: each slug and the object it became. Do not edit.",
  "corpus": {
    "domain": "pub:sha2-256:p4lcyk4y6nkxh45hy5bbytulizhq3m3nsyrn6xgz2vxbog5jeidq",
    "generation": {
      "cid": "pub:sha2-256:vim54kbvuwe3j5fzgw5wohbokaiavm6kb6gd42xewzbbvg3s7wqq",
      "index": 5
    },
    "imports": {},
    "key": "pub:sha2-256:tgaiwo4ow4sfqfopfr7vk3oqtnz5au2z74qzje7xbvvwgzwvx7fa",
    "parents": [
      {
        "alias": "base",
        "generation": "pub:sha2-256:qr33pbzszqngs4h6zq3sn622bihxa3vqqlt6t3wn225pv5dbc44q",
        "index": 3,
        "key": "pub:sha2-256:caycsumztxqrdpsyrkwx23iapfmhk4wxgkyiy6he2msfbcaz3gbq"
      }
    ]
  },
  "publets": [
    {"slug": "pkg.pubrel", "kind": "doc", "tag": "PKG-PUBREL-10-2026", "source": "publets/pkg.pubrel", "cid": "pub:sha2-256:nyfkyzyrgqwfcpjl3emubzlbiwlb4oeac2ljdtbhtcjwbc4paqva", "genesis": "pub:sha2-256:jmjdmxh3z4tkpufbxwb4alngilnygxprm55dsaeu6kfchckkyeza", "deps": ["pkg.pubrel#identity", "pkg.pubrel#release"]},
    {"slug": "pkg.pubrel#identity", "kind": "claim", "source": "publets/pkg.pubrel", "cid": "pub:sha2-256:kywv5rluenrt4mwlhs2qwlx2vbo3pddtwmjvmb43e2pw5lbbowqa", "genesis": "pub:sha2-256:42jmd6dgzu3u4vegqqn4rmx7egc7gwh7xeqnaewkkor5onxsn4ea", "deps": []},
    {"slug": "pkg.pubrel#release", "kind": "claim", "source": "publets/pkg.pubrel", "cid": "pub:sha2-256:s4jum2zqhzjsq3qxyiezd5ux3zl7lck2pf3b2cqso4pdcnlsgnma", "genesis": "pub:sha2-256:t37ooqouiswnhe5mjojl7dsnhicfcfz456ayewr5njai42fzrbfa", "deps": ["pkg.pubrel#identity"]}
  ]
}
