{
  "comment": "Generated by `pub build`: each slug and the object it became. Do not edit.",
  "corpus": {
    "domain": "pub:sha2-256:p4lcyk4y6nkxh45hy5bbytulizhq3m3nsyrn6xgz2vxbog5jeidq",
    "generation": {
      "cid": "pub:sha2-256:flyvicdg54mmfiute2p2hj3vtgic7o2bg27ucvx6tfwh3culoecq",
      "index": 7
    },
    "imports": {},
    "key": "pub:sha2-256:tgaiwo4ow4sfqfopfr7vk3oqtnz5au2z74qzje7xbvvwgzwvx7fa",
    "parents": [
      {
        "alias": "base",
        "generation": "pub:sha2-256:qr33pbzszqngs4h6zq3sn622bihxa3vqqlt6t3wn225pv5dbc44q",
        "index": 3,
        "key": "pub:sha2-256:caycsumztxqrdpsyrkwx23iapfmhk4wxgkyiy6he2msfbcaz3gbq"
      }
    ]
  },
  "publets": [
    {"slug": "pkg.pubrel", "kind": "doc", "tag": "PKG-PUBREL-10-2026", "source": "publets/pkg.pubrel", "cid": "pub:sha2-256:hqqmzaddrhkjblnfcivza3cgrqaiyb2elnlsjpok4eqwpg5piksa", "genesis": "pub:sha2-256:jmjdmxh3z4tkpufbxwb4alngilnygxprm55dsaeu6kfchckkyeza", "deps": ["pkg.pubrel#identity", "pkg.pubrel#release", "pkg.pubrel#security"]},
    {"slug": "pkg.pubrel#identity", "kind": "claim", "source": "publets/pkg.pubrel", "cid": "pub:sha2-256:a5n4coplx7irhfytr6davigr24uof3cijknwi3ofoeyyampdqjgq", "genesis": "pub:sha2-256:42jmd6dgzu3u4vegqqn4rmx7egc7gwh7xeqnaewkkor5onxsn4ea", "deps": []},
    {"slug": "pkg.pubrel#release", "kind": "claim", "source": "publets/pkg.pubrel", "cid": "pub:sha2-256:nkymh33ezrdetgawzqhaaobtdf65iz72hrvycx5s76r33rpfpf4a", "genesis": "pub:sha2-256:t37ooqouiswnhe5mjojl7dsnhicfcfz456ayewr5njai42fzrbfa", "deps": ["pkg.pubrel#identity"]},
    {"slug": "pkg.pubrel#security", "kind": "claim", "source": "publets/pkg.pubrel", "cid": "pub:sha2-256:ncdwsyaghyufqusz3ag2zw3nc33bynclqysiybpb76jn354u7rya", "genesis": "pub:sha2-256:ncdwsyaghyufqusz3ag2zw3nc33bynclqysiybpb76jn354u7rya", "deps": ["pkg.pubrel#identity"]}
  ]
}
