
# cargo-vet imports lock

[[publisher.itoa]]
version = "1.0.18"
when = "2026-03-20"
user-id = 3618
user-login = "dtolnay"
user-name = "David Tolnay"

[[publisher.proc-macro2]]
version = "1.0.107"
when = "2026-07-19"
user-id = 3618
user-login = "dtolnay"
user-name = "David Tolnay"

[[publisher.publet-core]]
version = "0.1.2"
when = "2026-10-09"
user-id = 443263
user-login = "schryer"
user-name = "Schryer"

[[publisher.serde]]
version = "1.0.229"
when = "2026-07-18"
user-id = 3618
user-login = "dtolnay"
user-name = "David Tolnay"

[[publisher.serde_core]]
version = "1.0.229"
when = "2026-07-18"
user-id = 3618
user-login = "dtolnay"
user-name = "David Tolnay"

[[publisher.serde_derive]]
version = "1.0.229"
when = "2026-07-18"
user-id = 3618
user-login = "dtolnay"
user-name = "David Tolnay"

[[publisher.serde_json]]
version = "1.0.151"
when = "2026-07-20"
user-id = 3618
user-login = "dtolnay"
user-name = "David Tolnay"

[[publisher.syn]]
version = "2.0.119"
when = "2026-07-15"
user-id = 3618
user-login = "dtolnay"
user-name = "David Tolnay"

[[publisher.syn]]
version = "3.0.6"
when = "2026-09-16"
user-id = 3618
user-login = "dtolnay"
user-name = "David Tolnay"

[[publisher.thiserror]]
version = "2.0.21"
when = "2026-09-23"
user-id = 3618
user-login = "dtolnay"
user-name = "David Tolnay"

[[publisher.thiserror-impl]]
version = "2.0.21"
when = "2026-09-23"
user-id = 3618
user-login = "dtolnay"
user-name = "David Tolnay"

[[publisher.toml_datetime]]
version = "0.6.11"
when = "2025-06-06"
user-id = 6743
user-login = "epage"
user-name = "Ed Page"

[[publisher.toml_edit]]
version = "0.22.27"
when = "2025-06-06"
user-id = 6743
user-login = "epage"
user-name = "Ed Page"

[[publisher.toml_write]]
version = "0.1.2"
when = "2025-06-06"
user-id = 6743
user-login = "epage"
user-name = "Ed Page"

[[publisher.unicode-ident]]
version = "1.0.26"
when = "2026-09-17"
user-id = 3618
user-login = "dtolnay"
user-name = "David Tolnay"

[[publisher.unicode-normalization]]
version = "0.1.25"
when = "2025-10-30"
user-id = 1139
user-login = "Manishearth"
user-name = "Manish Goregaokar"

[[publisher.winnow]]
version = "0.7.15"
when = "2026-03-05"
user-id = 6743
user-login = "epage"
user-name = "Ed Page"

[[publisher.zmij]]
version = "1.0.23"
when = "2026-07-13"
user-id = 3618
user-login = "dtolnay"
user-name = "David Tolnay"

[[audits.bytecode-alliance.audits.block-buffer]]
who = "Benjamin Bouvier <public@benj.me>"
criteria = "safe-to-deploy"
delta = "0.9.0 -> 0.10.2"

[[audits.bytecode-alliance.audits.der]]
who = "Chris Fallin <chris@cfallin.org>"
criteria = "safe-to-deploy"
version = "0.7.10"
notes = "No unsafe code aside from transmutes for transparent newtypes."

[[audits.bytecode-alliance.audits.rustc_version]]
who = "Alex Crichton <alex@alexcrichton.com>"
criteria = "safe-to-deploy"
delta = "0.4.0 -> 0.4.1"
notes = "Minor changes, nothing worrisome"

[[audits.bytecode-alliance.audits.semver]]
who = "Pat Hickey <phickey@fastly.com>"
criteria = "safe-to-deploy"
version = "1.0.17"
notes = "plenty of unsafe pointer and vec tricks, but in well-structured and commented code that appears to be correct"

[audits.embark-studios.audits]

[[audits.google.audits.equivalent]]
who = "George Burgess IV <gbiv@google.com>"
criteria = "safe-to-deploy"
version = "1.0.1"
aggregated-from = "https://chromium.googlesource.com/chromiumos/third_party/rust_crates/+/refs/heads/main/cargo-vet/audits.toml?format=TEXT"

[[audits.google.audits.equivalent]]
who = "Jonathan Hao <phao@chromium.org>"
criteria = "safe-to-deploy"
delta = "1.0.1 -> 1.0.2"
notes = "No changes to any .rs files or Rust code."
aggregated-from = "https://chromium.googlesource.com/chromium/src/+/main/third_party/rust/chromium_crates_io/supply-chain/audits.toml?format=TEXT"

[[audits.google.audits.quote]]
who = "Lukasz Anforowicz <lukasza@chromium.org>"
criteria = "safe-to-deploy"
version = "1.0.35"
notes = """
Grepped for "unsafe", "crypt", "cipher", "fs", "net" - there were no hits
(except for benign "net" hit in tests and "fs" hit in README.md)
"""
aggregated-from = "https://chromium.googlesource.com/chromium/src/+/main/third_party/rust/chromium_crates_io/supply-chain/audits.toml?format=TEXT"

[[audits.google.audits.quote]]
who = "Adrian Taylor <adetaylor@chromium.org>"
criteria = "safe-to-deploy"
delta = "1.0.35 -> 1.0.36"
aggregated-from = "https://chromium.googlesource.com/chromium/src/+/main/third_party/rust/chromium_crates_io/supply-chain/audits.toml?format=TEXT"

[[audits.google.audits.quote]]
who = "Lukasz Anforowicz <lukasza@chromium.org>"
criteria = "safe-to-deploy"
delta = "1.0.36 -> 1.0.37"
notes = """
The delta just 1) inlines/expands `impl ToTokens` that used to be handled via
`primitive!` macro and 2) adds `impl ToTokens` for `CStr` and `CString`.
"""
aggregated-from = "https://chromium.googlesource.com/chromium/src/+/main/third_party/rust/chromium_crates_io/supply-chain/audits.toml?format=TEXT"

[[audits.google.audits.quote]]
who = "Dustin J. Mitchell <djmitche@chromium.org>"
criteria = "safe-to-deploy"
delta = "1.0.37 -> 1.0.38"
notes = "Still no unsafe"
aggregated-from = "https://chromium.googlesource.com/chromium/src/+/main/third_party/rust/chromium_crates_io/supply-chain/audits.toml?format=TEXT"

[[audits.google.audits.quote]]
who = "Daniel Cheng <dcheng@chromium.org>"
criteria = "safe-to-deploy"
delta = "1.0.38 -> 1.0.39"
notes = "Only minor changes for clippy lints and documentation."
aggregated-from = "https://chromium.googlesource.com/chromium/src/+/main/third_party/rust/chromium_crates_io/supply-chain/audits.toml?format=TEXT"

[[audits.google.audits.quote]]
who = "Lukasz Anforowicz <lukasza@chromium.org>"
criteria = "safe-to-deploy"
delta = "1.0.39 -> 1.0.40"
notes = """
The delta is just a simplification of how `tokens.extend(...)` call is made.
Still no `unsafe` anywhere.
"""
aggregated-from = "https://chromium.googlesource.com/chromium/src/+/main/third_party/rust/chromium_crates_io/supply-chain/audits.toml?format=TEXT"

[[audits.google.audits.rand_core]]
who = "Lukasz Anforowicz <lukasza@chromium.org>"
criteria = "safe-to-deploy"
version = "0.6.4"
notes = """
For more detailed unsafe review notes please see https://crrev.com/c/6362797
"""
aggregated-from = "https://chromium.googlesource.com/chromium/src/+/main/third_party/rust/chromium_crates_io/supply-chain/audits.toml?format=TEXT"

[[audits.isrg.audits.block-buffer]]
who = "David Cook <dcook@divviup.org>"
criteria = "safe-to-deploy"
version = "0.9.0"

[[audits.isrg.audits.fiat-crypto]]
who = "David Cook <dcook@divviup.org>"
criteria = "safe-to-deploy"
version = "0.1.17"
notes = """
This crate does not contain any unsafe code, and does not use any items from
the standard library or other crates, aside from operations backed by
`std::ops`. All paths with array indexing use integer literals for indexes, so
there are no panics due to indexes out of bounds (as rustc would catch an
out-of-bounds literal index). I did not check whether arithmetic overflows
could cause a panic, and I am relying on the Coq code having satisfied the
necessary preconditions to ensure panics due to overflows are unreachable.
"""

[[audits.isrg.audits.fiat-crypto]]
who = "Brandon Pitman <bran@bran.land>"
criteria = "safe-to-deploy"
delta = "0.1.17 -> 0.1.18"

[[audits.isrg.audits.fiat-crypto]]
who = "David Cook <dcook@divviup.org>"
criteria = "safe-to-deploy"
delta = "0.1.18 -> 0.1.19"
notes = """
This release renames many items and adds a new module. The code in the new
module is entirely composed of arithmetic and array accesses.
"""

[[audits.isrg.audits.fiat-crypto]]
who = "David Cook <dcook@divviup.org>"
criteria = "safe-to-deploy"
delta = "0.1.19 -> 0.1.20"

[[audits.isrg.audits.fiat-crypto]]
who = "David Cook <dcook@divviup.org>"
criteria = "safe-to-deploy"
delta = "0.1.20 -> 0.2.0"

[[audits.isrg.audits.fiat-crypto]]
who = "Brandon Pitman <bran@bran.land>"
criteria = "safe-to-deploy"
delta = "0.2.0 -> 0.2.1"

[[audits.isrg.audits.fiat-crypto]]
who = "Tim Geoghegan <timg@divviup.org>"
criteria = "safe-to-deploy"
delta = "0.2.1 -> 0.2.2"
notes = "No changes to `unsafe` code, or any functional changes that I can detect at all."

[[audits.isrg.audits.fiat-crypto]]
who = "Brandon Pitman <bran@bran.land>"
criteria = "safe-to-deploy"
delta = "0.2.2 -> 0.2.4"

[[audits.isrg.audits.fiat-crypto]]
who = "David Cook <dcook@divviup.org>"
criteria = "safe-to-deploy"
delta = "0.2.4 -> 0.2.5"

[[audits.isrg.audits.fiat-crypto]]
who = "Brandon Pitman <bran@bran.land>"
criteria = "safe-to-deploy"
delta = "0.2.5 -> 0.2.6"

[[audits.isrg.audits.fiat-crypto]]
who = "Brandon Pitman <bran@bran.land>"
criteria = "safe-to-deploy"
delta = "0.2.6 -> 0.2.7"

[[audits.isrg.audits.fiat-crypto]]
who = "David Cook <dcook@divviup.org>"
criteria = "safe-to-deploy"
delta = "0.2.7 -> 0.2.8"

[[audits.isrg.audits.fiat-crypto]]
who = "Tim Geoghegan <timg@divviup.org>"
criteria = "safe-to-deploy"
delta = "0.2.8 -> 0.2.9"
notes = "No changes to Rust code between 0.2.8 and 0.2.9"

[[audits.isrg.audits.sha2]]
who = "David Cook <dcook@divviup.org>"
criteria = "safe-to-deploy"
version = "0.10.2"

[[audits.isrg.audits.sha2]]
who = "David Cook <dcook@divviup.org>"
criteria = "safe-to-deploy"
delta = "0.10.8 -> 0.10.9"

[[audits.isrg.audits.subtle]]
who = "David Cook <dcook@divviup.org>"
criteria = "safe-to-deploy"
delta = "2.5.0 -> 2.6.1"

[[audits.mozilla.wildcard-audits.unicode-normalization]]
who = "Manish Goregaokar <manishsmail@gmail.com>"
criteria = "safe-to-deploy"
user-id = 1139 # Manish Goregaokar (Manishearth)
start = "2019-11-06"
end = "2027-04-23"
notes = "All code written or reviewed by Manish"
aggregated-from = "https://raw.githubusercontent.com/mozilla-firefox/firefox/main/supply-chain/audits.toml"

[[audits.mozilla.audits.block-buffer]]
who = "Mike Hommey <mh+mozilla@glandium.org>"
criteria = "safe-to-deploy"
delta = "0.10.2 -> 0.10.3"
aggregated-from = "https://raw.githubusercontent.com/mozilla-firefox/firefox/main/supply-chain/audits.toml"

[[audits.mozilla.audits.quote]]
who = "Jan-Erik Rediger <jrediger@mozilla.com>"
criteria = "safe-to-deploy"
delta = "1.0.40 -> 1.0.45"
aggregated-from = "https://raw.githubusercontent.com/mozilla/glean/main/supply-chain/audits.toml"

[[audits.mozilla.audits.quote]]
who = "Jan-Erik Rediger <jrediger@mozilla.com>"
criteria = "safe-to-deploy"
delta = "1.0.45 -> 1.0.47"
aggregated-from = "https://raw.githubusercontent.com/mozilla/glean/main/supply-chain/audits.toml"

[[audits.mozilla.audits.rustc_version]]
who = "Nika Layzell <nika@thelayzells.com>"
criteria = "safe-to-deploy"
version = "0.4.0"
notes = """
Use of powerful capabilities is limited to invoking `rustc -vV` to get version
information for parsing version information.
"""
aggregated-from = "https://raw.githubusercontent.com/mozilla/cargo-vet/main/supply-chain/audits.toml"

[[audits.mozilla.audits.semver]]
who = "Ben Dean-Kawamura <bdk@mozilla.com>"
criteria = "safe-to-deploy"
delta = "1.0.16 -> 1.0.28"
notes = "Very few changes, mostly removes support for older Rust versions.  Some unsafe code refactored, but it seemed to be functionally equivalent to me."
aggregated-from = "https://raw.githubusercontent.com/mozilla-firefox/firefox/main/supply-chain/audits.toml"

[[audits.mozilla.audits.semver]]
who = "Bobby Holley <bobbyholley@gmail.com>"
criteria = "safe-to-deploy"
delta = "1.0.17 -> 1.0.16"
aggregated-from = "https://raw.githubusercontent.com/mozilla-firefox/firefox/main/supply-chain/audits.toml"

[[audits.mozilla.audits.sha2]]
who = "Mike Hommey <mh+mozilla@glandium.org>"
criteria = "safe-to-deploy"
delta = "0.10.2 -> 0.10.6"
aggregated-from = "https://raw.githubusercontent.com/mozilla-firefox/firefox/main/supply-chain/audits.toml"

[[audits.mozilla.audits.sha2]]
who = "Jeff Muizelaar <jmuizelaar@mozilla.com>"
criteria = "safe-to-deploy"
delta = "0.10.6 -> 0.10.8"
notes = """
The bulk of this is https://github.com/RustCrypto/hashes/pull/490 which adds aarch64 support along with another PR adding longson.
I didn't check the implementation thoroughly but there wasn't anything obviously nefarious. 0.10.8 has been out for more than a year
which suggests no one else has found anything either.
"""
aggregated-from = "https://raw.githubusercontent.com/mozilla-firefox/firefox/main/supply-chain/audits.toml"

[[audits.mozilla.audits.subtle]]
who = "Simon Friedberger <simon@mozilla.com>"
criteria = "safe-to-deploy"
version = "2.5.0"
notes = "The goal is to provide some constant-time correctness for cryptographic implementations. The approach is reasonable, it is known to be insufficient but this is pointed out in the documentation."
aggregated-from = "https://raw.githubusercontent.com/mozilla-firefox/firefox/main/supply-chain/audits.toml"

[[audits.zcash.audits.block-buffer]]
who = "Jack Grigg <jack@electriccoin.co>"
criteria = "safe-to-deploy"
delta = "0.10.3 -> 0.10.4"
notes = "Adds panics to prevent a block size of zero from causing unsoundness."
aggregated-from = "https://raw.githubusercontent.com/zcash/zcash/master/qa/supply-chain/audits.toml"

[[audits.zcash.audits.signature]]
who = "Daira Emma Hopwood <daira@jacaranda.org>"
criteria = "safe-to-deploy"
version = "2.1.0"
notes = """
This crate uses `#![forbid(unsafe_code)]`, has no build script, and only provides traits with some trivial default implementations.
I did not review whether implementing these APIs would present any undocumented cryptographic hazards.
"""
aggregated-from = "https://raw.githubusercontent.com/zcash/zcash/master/qa/supply-chain/audits.toml"

[[audits.zcash.audits.signature]]
who = "Jack Grigg <jack@electriccoin.co>"
criteria = "safe-to-deploy"
delta = "2.1.0 -> 2.2.0"
aggregated-from = "https://raw.githubusercontent.com/zcash/zcash/master/qa/supply-chain/audits.toml"
